# This file was autogenerated by Stack.
# You should not edit this file by hand.
# For more information, please see the documentation at:
#   https://docs.haskellstack.org/en/stable/lock_files

packages:
- completed:
    hackage: erf-native-1.0.0.1@sha256:4e41fa072fde340102e802d3798d423a01adcaa70be5632dc8acde6d2c485aec,1148
    pantry-tree:
      size: 282
      sha256: 4c3dcf18ce07478a179f182af1e0fbf8de2ee6ed88c1bfc9eef0a7fa70379673
  original:
    hackage: erf-native-1.0.0.1@sha256:4e41fa072fde340102e802d3798d423a01adcaa70be5632dc8acde6d2c485aec,1148
- completed:
    hackage: plots-0.1.0.2@sha256:3d45b5b973339a50d0686153d77b0f1e438c1a890e75c2274830e878e9fd78d8,2131
    pantry-tree:
      size: 5210
      sha256: ff47de4b79b97c735f5cc75ae52a32db807f94a1bd4f2324be9816d5a34f612d
  original:
    hackage: plots-0.1.0.2
- completed:
    hackage: random-fu-multivariate-0.1.2.0@sha256:7e110e82b35645dc7ebb4378943a64655754c2491e6b4c4c8e8f3617aa53d98d,1455
    pantry-tree:
      size: 684
      sha256: 381916871dff25a137243b145be4dc7ff0f3df0580315fbf03bbe3f973056542
  original:
    hackage: random-fu-multivariate-0.1.2.0
- completed:
    hackage: diagrams-rasterific-1.4.1@sha256:2127eea2e4ead6dc9715b74843e734397d18b7365c4f3dfac263e69ca92dc3aa,2741
    pantry-tree:
      size: 1318
      sha256: d732ebd19f7b0ff3426a7944ada152e3cfce09e5633a661eb8224870a089a961
  original:
    hackage: diagrams-rasterific-1.4.1
- completed:
    hackage: polynomial-0.7.3@sha256:3286ba3663bae84bc6c2595cce625b62feb6c8b1c0d89b8b999b7f0a9374c1b2,2698
    pantry-tree:
      size: 1229
      sha256: b470a205811c69ee9faee96f798d3b76326df4bbca1aadfd89b5904c4cbd7f4c
  original:
    hackage: polynomial-0.7.3@sha256:3286ba3663bae84bc6c2595cce625b62feb6c8b1c0d89b8b999b7f0a9374c1b2,2698
snapshots:
- completed:
    size: 569315
    url: https://raw.githubusercontent.com/commercialhaskell/stackage-snapshots/master/lts/10/9.yaml
    sha256: c85a3b35a7c2fa3771728a6f19e363c62ff5619afc2670f87450c19e6770c37f
  original: lts-10.9
